%{
  "better_weighted_random": {:hex, :better_weighted_random, "0.1.0", "dcd4c4ac9652ea3bc7d648b37607b40f9d2a35b990317ed7d9593c2ffeccf493", [:mix], [], "hexpm", "90d4e83e020685635bab09224b28a2be53a681a42d7009b2d7ec9d27e352b253"},
  "castore": {:hex, :castore, "1.0.14", "4582dd7d630b48cf5e1ca8d3d42494db51e406b7ba704e81fbd401866366896a", [:mix], [], "hexpm", "7bc1b65249d31701393edaaac18ec8398d8974d52c647b7904d01b964137b9f4"},
  "csv": {:hex, :csv, "3.2.2", "452f96414b39a176b7c390af6d8b78f15130dc6167fe3b836729131f515d843e", [:mix], [], "hexpm", "cbf256ff74a3fa01d9ec420d07b19c90d410ed9fe5b6d6e1bc7662edf35bc574"},
  "dialyxir": {:hex, :dialyxir, "1.4.1", "a22ed1e7bd3a3e3f197b68d806ef66acb61ee8f57b3ac85fc5d57354c5482a93", [:mix], [{:erlex, ">= 0.2.6", [hex: :erlex, repo: "hexpm", optional: false]}], "hexpm", "84b795d6d7796297cca5a3118444b80c7d94f7ce247d49886e7c291e1ae49801"},
  "erlex": {:hex, :erlex, "0.2.6", "c7987d15e899c7a2f34f5420d2a2ea0d659682c06ac607572df55a43753aa12e", [:mix], [], "hexpm", "2ed2e25711feb44d52b17d2780eabf998452f6efda104877a3881c2f8c0c0c75"},
  "jason": {:hex, :jason, "1.4.1", "af1504e35f629ddcdd6addb3513c3853991f694921b1b9368b0bd32beb9f1b63", [:mix], [{:decimal, "~> 1.0 or ~> 2.0", [hex: :decimal, repo: "hexpm", optional: true]}], "hexpm", "fbb01ecdfd565b56261302f7e1fcc27c4fb8f32d56eab74db621fc154604a7a1"},
  "libgraph": {:hex, :libgraph, "0.16.0", "3936f3eca6ef826e08880230f806bfea13193e49bf153f93edcf0239d4fd1d07", [:mix], [], "hexpm", "41ca92240e8a4138c30a7e06466acc709b0cbb795c643e9e17174a178982d6bf"},
  "midi_in": {:git, "https://github.com/bwanab/midi_in.git", "42f40711c14a67e84f74a7a8537a8e747f01217e", []},
  "midiex": {:hex, :midiex, "0.6.3", "58b5296010d2bb356884b1f370e24a6556d115b828f7c198e78623611154be25", [:mix], [{:rustler, "~> 0.29.0", [hex: :rustler, repo: "hexpm", optional: true]}, {:rustler_precompiled, "~> 0.6", [hex: :rustler_precompiled, repo: "hexpm", optional: false]}], "hexpm", "76358a920880106fec46d123385193f26d1dd8b2b1379148ced9b48e42c6484d"},
  "midifile": {:git, "https://github.com/bwanab/elixir-midifile.git", "4f8041d38214591d61d56f3088d52be8fce04e99", []},
  "music_build": {:git, "https://github.com/bwanab/music_build.git", "2312b5ba05efd22323df9ece9d6ce30def7d469e", []},
  "music_prims": {:git, "https://github.com/bwanab/music_prims.git", "291a17eed8eb4e5c7c46c65f666b3d1d1f033b9f", []},
  "rustler_precompiled": {:hex, :rustler_precompiled, "0.8.2", "5f25cbe220a8fac3e7ad62e6f950fcdca5a5a5f8501835d2823e8c74bf4268d5", [:mix], [{:castore, "~> 0.1 or ~> 1.0", [hex: :castore, repo: "hexpm", optional: false]}, {:rustler, "~> 0.23", [hex: :rustler, repo: "hexpm", optional: true]}], "hexpm", "63d1bd5f8e23096d1ff851839923162096364bac8656a4a3c00d1fff8e83ee0a"},
}
